
Microsoft Visual Studio Solution File, Format Version 12.00
# Visual Studio Version 16
VisualStudioVersion = 16.0.30413.136
MinimumVisualStudioVersion = 10.0.40219.1
Project("{FAE04EC0-301F-11D3-BF4B-00C04F79EFBC}") = "random", "random\random.csproj", "{C455E0A8-9644-4565-BF75-9A782D31EBEF}"
EndProject
Project("{FAE04EC0-301F-11D3-BF4B-00C04F79EFBC}") = "guessingGame", "guessingGame\guessingGame.csproj", "{62ADDA03-D150-4268-B617-D8A14DF2C7A7}"
EndProject
Project("{FAE04EC0-301F-11D3-BF4B-00C04F79EFBC}") = "game2", "game2\game2.csproj", "{B9043A7E-24F8-48ED-94B7-C6E94C706035}"
EndProject
Global
	GlobalSection(SolutionConfigurationPlatforms) = preSolution
		Debug|Any CPU = Debug|Any CPU
		Release|Any CPU = Release|Any CPU
	EndGlobalSection
	GlobalSection(ProjectConfigurationPlatforms) = postSolution
		{C455E0A8-9644-4565-BF75-9A782D31EBEF}.Debug|Any CPU.ActiveCfg = Debug|Any CPU
		{C455E0A8-9644-4565-BF75-9A782D31EBEF}.Debug|Any CPU.Build.0 = Debug|Any CPU
		{C455E0A8-9644-4565-BF75-9A782D31EBEF}.Release|Any CPU.ActiveCfg = Release|Any CPU
		{C455E0A8-9644-4565-BF75-9A782D31EBEF}.Release|Any CPU.Build.0 = Release|Any CPU
		{62ADDA03-D150-4268-B617-D8A14DF2C7A7}.Debug|Any CPU.ActiveCfg = Debug|Any CPU
		{62ADDA03-D150-4268-B617-D8A14DF2C7A7}.Debug|Any CPU.Build.0 = Debug|Any CPU
		{62ADDA03-D150-4268-B617-D8A14DF2C7A7}.Release|Any CPU.ActiveCfg = Release|Any CPU
		{62ADDA03-D150-4268-B617-D8A14DF2C7A7}.Release|Any CPU.Build.0 = Release|Any CPU
		{B9043A7E-24F8-48ED-94B7-C6E94C706035}.Debug|Any CPU.ActiveCfg = Debug|Any CPU
		{B9043A7E-24F8-48ED-94B7-C6E94C706035}.Debug|Any CPU.Build.0 = Debug|Any CPU
		{B9043A7E-24F8-48ED-94B7-C6E94C706035}.Release|Any CPU.ActiveCfg = Release|Any CPU
		{B9043A7E-24F8-48ED-94B7-C6E94C706035}.Release|Any CPU.Build.0 = Release|Any CPU
	EndGlobalSection
	GlobalSection(SolutionProperties) = preSolution
		HideSolutionNode = FALSE
	EndGlobalSection
	GlobalSection(ExtensibilityGlobals) = postSolution
		SolutionGuid = {25465E72-54CC-4FC3-9868-F59BB75D71A7}
	EndGlobalSection
EndGlobal
